
Microsoft Visual Studio Solution File, Format Version 12.00
# Visual Studio Version 16
VisualStudioVersion = 16.0.31702.278
MinimumVisualStudioVersion = 10.0.40219.1
Project("{FAE04EC0-301F-11D3-BF4B-00C04F79EFBC}") = "MVCCodeFirst_1", "MVCCodeFirst_1\MVCCodeFirst_1.csproj", "{55C58199-4A53-481D-B432-CE5E092569E2}"
EndProject
Global
	GlobalSection(SolutionConfigurationPlatforms) = preSolution
		Debug|Any CPU = Debug|Any CPU
		Release|Any CPU = Release|Any CPU
	EndGlobalSection
	GlobalSection(ProjectConfigurationPlatforms) = postSolution
		{55C58199-4A53-481D-B432-CE5E092569E2}.Debug|Any CPU.ActiveCfg = Debug|Any CPU
		{55C58199-4A53-481D-B432-CE5E092569E2}.Debug|Any CPU.Build.0 = Debug|Any CPU
		{55C58199-4A53-481D-B432-CE5E092569E2}.Release|Any CPU.ActiveCfg = Release|Any CPU
		{55C58199-4A53-481D-B432-CE5E092569E2}.Release|Any CPU.Build.0 = Release|Any CPU
	EndGlobalSection
	GlobalSection(SolutionProperties) = preSolution
		HideSolutionNode = FALSE
	EndGlobalSection
	GlobalSection(ExtensibilityGlobals) = postSolution
		SolutionGuid = {C5613EFF-715F-4794-A027-B4477CFCF046}
	EndGlobalSection
EndGlobal
